// !$*UTF8*$!
{
	archiveVersion = 1;
	classes = {
	};
	objectVersion = 50;
	objects = {

/* Begin PBXBuildFile section */
		2C9B36B5242692A100B4FC08 /* AppDelegate.swift in Sources */ = {isa = PBXBuildFile; fileRef = 2C9B36B4242692A100B4FC08 /* AppDelegate.swift */; };
		2C9B36B7242692A100B4FC08 /* SceneDelegate.swift in Sources */ = {isa = PBXBuildFile; fileRef = 2C9B36B6242692A100B4FC08 /* SceneDelegate.swift */; };
		2C9B36BC242692A100B4FC08 /* Main.storyboard in Resources */ = {isa = PBXBuildFile; fileRef = 2C9B36BA242692A100B4FC08 /* Main.storyboard */; };
		2C9B36BE242692A200B4FC08 /* Assets.xcassets in Resources */ = {isa = PBXBuildFile; fileRef = 2C9B36BD242692A200B4FC08 /* Assets.xcassets */; };
		2C9B36C1242692A200B4FC08 /* LaunchScreen.storyboard in Resources */ = {isa = PBXBuildFile; fileRef = 2C9B36BF242692A200B4FC08 /* LaunchScreen.storyboard */; };
		2C9B36C92426995800B4FC08 /* MovieListViewController.swift in Sources */ = {isa = PBXBuildFile; fileRef = 2C9B36C82426995800B4FC08 /* MovieListViewController.swift */; };
		2CBE4EE924311F50005B6C09 /* Movie.swift in Sources */ = {isa = PBXBuildFile; fileRef = 2CBE4EE824311F50005B6C09 /* Movie.swift */; };
		2CBE4EEB24313353005B6C09 /* MovieDetailViewController.swift in Sources */ = {isa = PBXBuildFile; fileRef = 2CBE4EEA24313353005B6C09 /* MovieDetailViewController.swift */; };
		2CBE4EED2431456A005B6C09 /* TrailerViewController.swift in Sources */ = {isa = PBXBuildFile; fileRef = 2CBE4EEC2431456A005B6C09 /* TrailerViewController.swift */; };
		2CBE4EF024314895005B6C09 /* WebKit.framework in Frameworks */ = {isa = PBXBuildFile; fileRef = 2CBE4EEF24314895005B6C09 /* WebKit.framework */; };
/* End PBXBuildFile section */

/* Begin PBXFileReference section */
		2C9B36B1242692A100B4FC08 /* MovieList.app */ = {isa = PBXFileReference; explicitFileType = wrapper.application; includeInIndex = 0; path = MovieList.app; sourceTree = BUILT_PRODUCTS_DIR; };
		2C9B36B4242692A100B4FC08 /* AppDelegate.swift */ = {isa = PBXFileReference; lastKnownFileType = sourcecode.swift; path = AppDelegate.swift; sourceTree = "<group>"; };
		2C9B36B6242692A100B4FC08 /* SceneDelegate.swift */ = {isa = PBXFileReference; lastKnownFileType = sourcecode.swift; path = SceneDelegate.swift; sourceTree = "<group>"; };
		2C9B36BB242692A100B4FC08 /* Base */ = {isa = PBXFileReference; lastKnownFileType = file.storyboard; name = Base; path = Base.lproj/Main.storyboard; sourceTree = "<group>"; };
		2C9B36BD242692A200B4FC08 /* Assets.xcassets */ = {isa = PBXFileReference; lastKnownFileType = folder.assetcatalog; path = Assets.xcassets; sourceTree = "<group>"; };
		2C9B36C0242692A200B4FC08 /* Base */ = {isa = PBXFileReference; lastKnownFileType = file.storyboard; name = Base; path = Base.lproj/LaunchScreen.storyboard; sourceTree = "<group>"; };
		2C9B36C2242692A200B4FC08 /* Info.plist */ = {isa = PBXFileReference; lastKnownFileType = text.plist.xml; path = Info.plist; sourceTree = "<group>"; };
		2C9B36C82426995800B4FC08 /* MovieListViewController.swift */ = {isa = PBXFileReference; lastKnownFileType = sourcecode.swift; path = MovieListViewController.swift; sourceTree = "<group>"; };
		2CBE4EE824311F50005B6C09 /* Movie.swift */ = {isa = PBXFileReference; lastKnownFileType = sourcecode.swift; path = Movie.swift; sourceTree = "<group>"; };
		2CBE4EEA24313353005B6C09 /* MovieDetailViewController.swift */ = {isa = PBXFileReference; lastKnownFileType = sourcecode.swift; path = MovieDetailViewController.swift; sourceTree = "<group>"; };
		2CBE4EEC2431456A005B6C09 /* TrailerViewController.swift */ = {isa = PBXFileReference; lastKnownFileType = sourcecode.swift; path = TrailerViewController.swift; sourceTree = "<group>"; };
		2CBE4EEF24314895005B6C09 /* WebKit.framework */ = {isa = PBXFileReference; lastKnownFileType = wrapper.framework; name = WebKit.framework; path = System/Library/Frameworks/WebKit.framework; sourceTree = SDKROOT; };
/* End PBXFileReference section */

/* Begin PBXFrameworksBuildPhase section */
		2C9B36AE242692A100B4FC08 /* Frameworks */ = {
			isa = PBXFrameworksBuildPhase;
			buildActionMask = 2147483647;
			files = (
				2CBE4EF024314895005B6C09 /* WebKit.framework in Frameworks */,
			);
			runOnlyForDeploymentPostprocessing = 0;
		};
/* End PBXFrameworksBuildPhase section */

/* Begin PBXGroup section */
		2C9B36A8242692A100B4FC08 = {
			isa = PBXGroup;
			children = (
				2C9B36B3242692A100B4FC08 /* MovieList */,
				2C9B36B2242692A100B4FC08 /* Products */,
				2CBE4EEE24314895005B6C09 /* Frameworks */,
			);
			sourceTree = "<group>";
		};
		2C9B36B2242692A100B4FC08 /* Products */ = {
			isa = PBXGroup;
			children = (
				2C9B36B1242692A100B4FC08 /* MovieList.app */,
			);
			name = Products;
			sourceTree = "<group>";
		};
		2C9B36B3242692A100B4FC08 /* MovieList */ = {
			isa = PBXGroup;
			children = (
				2C9B36B4242692A100B4FC08 /* AppDelegate.swift */,
				2C9B36B6242692A100B4FC08 /* SceneDelegate.swift */,
				2C9B36BA242692A100B4FC08 /* Main.storyboard */,
				2C9B36BD242692A200B4FC08 /* Assets.xcassets */,
				2C9B36BF242692A200B4FC08 /* LaunchScreen.storyboard */,
				2C9B36C2242692A200B4FC08 /* Info.plist */,
				2C9B36C82426995800B4FC08 /* MovieListViewController.swift */,
				2CBE4EE824311F50005B6C09 /* Movie.swift */,
				2CBE4EEA24313353005B6C09 /* MovieDetailViewController.swift */,
				2CBE4EEC2431456A005B6C09 /* TrailerViewController.swift */,
			);
			path = MovieList;
			sourceTree = "<group>";
		};
		2CBE4EEE24314895005B6C09 /* Frameworks */ = {
			isa = PBXGroup;
			children = (
				2CBE4EEF24314895005B6C09 /* WebKit.framework */,
			);
			name = Frameworks;
			sourceTree = "<group>";
		};
/* End PBXGroup section */

/* Begin PBXNativeTarget section */
		2C9B36B0242692A100B4FC08 /* MovieList */ = {
			isa = PBXNativeTarget;
			buildConfigurationList = 2C9B36C5242692A200B4FC08 /* Build configuration list for PBXNativeTarget "MovieList" */;
			buildPhases = (
				2C9B36AD242692A100B4FC08 /* Sources */,
				2C9B36AE242692A100B4FC08 /* Frameworks */,
				2C9B36AF242692A100B4FC08 /* Resources */,
			);
			buildRules = (
			);
			dependencies = (
			);
			name = MovieList;
			productName = MovieList;
			productReference = 2C9B36B1242692A100B4FC08 /* MovieList.app */;
			productType = "com.apple.product-type.application";
		};
/* End PBXNativeTarget section */

/* Begin PBXProject section */
		2C9B36A9242692A100B4FC08 /* Project object */ = {
			isa = PBXProject;
			attributes = {
				LastSwiftUpdateCheck = 1130;
				LastUpgradeCheck = 1130;
				ORGANIZATIONNAME = LFAP;
				TargetAttributes = {
					2C9B36B0242692A100B4FC08 = {
						CreatedOnToolsVersion = 11.3.1;
					};
				};
			};
			buildConfigurationList = 2C9B36AC242692A100B4FC08 /* Build configuration list for PBXProject "MovieList" */;
			compatibilityVersion = "Xcode 9.3";
			developmentRegion = en;
			hasScannedForEncodings = 0;
			knownRegions = (
				en,
				Base,
			);
			mainGroup = 2C9B36A8242692A100B4FC08;
			productRefGroup = 2C9B36B2242692A100B4FC08 /* Products */;
			projectDirPath = "";
			projectRoot = "";
			targets = (
				2C9B36B0242692A100B4FC08 /* MovieList */,
			);
		};
/* End PBXProject section */

/* Begin PBXResourcesBuildPhase section */
		2C9B36AF242692A100B4FC08 /* Resources */ = {
			isa = PBXResourcesBuildPhase;
			buildActionMask = 2147483647;
			files = (
				2C9B36C1242692A200B4FC08 /* LaunchScreen.storyboard in Resources */,
				2C9B36BE242692A200B4FC08 /* Assets.xcassets in Resources */,
				2C9B36BC242692A100B4FC08 /* Main.storyboard in Resources */,
			);
			runOnlyForDeploymentPostprocessing = 0;
		};
/* End PBXResourcesBuildPhase section */

/* Begin PBXSourcesBuildPhase section */
		2C9B36AD242692A100B4FC08 /* Sources */ = {
			isa = PBXSourcesBuildPhase;
			buildActionMask = 2147483647;
			files = (
				2C9B36B5242692A100B4FC08 /* AppDelegate.swift in Sources */,
				2CBE4EEB24313353005B6C09 /* MovieDetailViewController.swift in Sources */,
				2CBE4EED2431456A005B6C09 /* TrailerViewController.swift in Sources */,
				2C9B36B7242692A100B4FC08 /* SceneDelegate.swift in Sources */,
				2CBE4EE924311F50005B6C09 /* Movie.swift in Sources */,
				2C9B36C92426995800B4FC08 /* MovieListViewController.swift in Sources */,
			);
			runOnlyForDeploymentPostprocessing = 0;
		};
/* End PBXSourcesBuildPhase section */

/* Begin PBXVariantGroup section */
		2C9B36BA242692A100B4FC08 /* Main.storyboard */ = {
			isa = PBXVariantGroup;
			children = (
				2C9B36BB242692A100B4FC08 /* Base */,
			);
			name = Main.storyboard;
			sourceTree = "<group>";
		};
		2C9B36BF242692A200B4FC08 /* LaunchScreen.storyboard */ = {
			isa = PBXVariantGroup;
			children = (
				2C9B36C0242692A200B4FC08 /* Base */,
			);
			name = LaunchScreen.storyboard;
			sourceTree = "<group>";
		};
/* End PBXVariantGroup section */

/* Begin XCBuildConfiguration section */
		2C9B36C3242692A200B4FC08 /* Debug */ = {
			isa = XCBuildConfiguration;
			buildSettings = {
				ALWAYS_SEARCH_USER_PATHS = NO;
				CLANG_ANALYZER_NONNULL = YES;
				CLANG_ANALYZER_NUMBER_OBJECT_CONVERSION = YES_AGGRESSIVE;
				CLANG_CXX_LANGUAGE_STANDARD = "gnu++14";
				CLANG_CXX_LIBRARY = "libc++";
				CLANG_ENABLE_MODULES = YES;
				CLANG_ENABLE_OBJC_ARC = YES;
				CLANG_ENABLE_OBJC_WEAK = YES;
				CLANG_WARN_BLOCK_CAPTURE_AUTORELEASING = YES;
				CLANG_WARN_BOOL_CONVERSION = YES;
				CLANG_WARN_COMMA = YES;
				CLANG_WARN_CONSTANT_CONVERSION = YES;
				CLANG_WARN_DEPRECATED_OBJC_IMPLEMENTATIONS = YES;
				CLANG_WARN_DIRECT_OBJC_ISA_USAGE = YES_ERROR;
				CLANG_WARN_DOCUMENTATION_COMMENTS = YES;
				CLANG_WARN_EMPTY_BODY = YES;
				CLANG_WARN_ENUM_CONVERSION = YES;
				CLANG_WARN_INFINITE_RECURSION = YES;
				CLANG_WARN_INT_CONVERSION = YES;
				CLANG_WARN_NON_LITERAL_NULL_CONVERSION = YES;
				CLANG_WARN_OBJC_IMPLICIT_RETAIN_SELF = YES;
				CLANG_WARN_OBJC_LITERAL_CONVERSION = YES;
				CLANG_WARN_OBJC_ROOT_CLASS = YES_ERROR;
				CLANG_WARN_RANGE_LOOP_ANALYSIS = YES;
				CLANG_WARN_STRICT_PROTOTYPES = YES;
				CLANG_WARN_SUSPICIOUS_MOVE = YES;
				CLANG_WARN_UNGUARDED_AVAILABILITY = YES_AGGRESSIVE;
				CLANG_WARN_UNREACHABLE_CODE = YES;
				CLANG_WARN__DUPLICATE_METHOD_MATCH = YES;
				COPY_PHASE_STRIP = NO;
				DEBUG_INFORMATION_FORMAT = dwarf;
				ENABLE_STRICT_OBJC_MSGSEND = YES;
				ENABLE_TESTABILITY = YES;
				GCC_C_LANGUAGE_STANDARD = gnu11;
				GCC_DYNAMIC_NO_PIC = NO;
				GCC_NO_COMMON_BLOCKS = YES;
				GCC_OPTIMIZATION_LEVEL = 0;
				GCC_PREPROCESSOR_DEFINITIONS = (
					"DEBUG=1",
					"$(inherited)",
				);
				GCC_WARN_64_TO_32_BIT_CONVERSION = YES;
				GCC_WARN_ABOUT_RETURN_TYPE = YES_ERROR;
				GCC_WARN_UNDECLARED_SELECTOR = YES;
				GCC_WARN_UNINITIALIZED_AUTOS = YES_AGGRESSIVE;
				GCC_WARN_UNUSED_FUNCTION = YES;
				GCC_WARN_UNUSED_VARIABLE = YES;
				IPHONEOS_DEPLOYMENT_TARGET = 13.2;
				MTL_ENABLE_DEBUG_INFO = INCLUDE_SOURCE;
				MTL_FAST_MATH = YES;
				ONLY_ACTIVE_ARCH = YES;
				SDKROOT = iphoneos;
				SWIFT_ACTIVE_COMPILATION_CONDITIONS = DEBUG;
				SWIFT_OPTIMIZATION_LEVEL = "-Onone";
			};
			name = Debug;
		};
		2C9B36C4242692A200B4FC08 /* Release */ = {
			isa = XCBuildConfiguration;
			buildSettings = {
				ALWAYS_SEARCH_USER_PATHS = NO;
				CLANG_ANALYZER_NONNULL = YES;
				CLANG_ANALYZER_NUMBER_OBJECT_CONVERSION = YES_AGGRESSIVE;
				CLANG_CXX_LANGUAGE_STANDARD = "gnu++14";
				CLANG_CXX_LIBRARY = "libc++";
				CLANG_ENABLE_MODULES = YES;
				CLANG_ENABLE_OBJC_ARC = YES;
				CLANG_ENABLE_OBJC_WEAK = YES;
				CLANG_WARN_BLOCK_CAPTURE_AUTORELEASING = YES;
				CLANG_WARN_BOOL_CONVERSION = YES;
				CLANG_WARN_COMMA = YES;
				CLANG_WARN_CONSTANT_CONVERSION = YES;
				CLANG_WARN_DEPRECATED_OBJC_IMPLEMENTATIONS = YES;
				CLANG_WARN_DIRECT_OBJC_ISA_USAGE = YES_ERROR;
				CLANG_WARN_DOCUMENTATION_COMMENTS = YES;
				CLANG_WARN_EMPTY_BODY = YES;
				CLANG_WARN_ENUM_CONVERSION = YES;
				CLANG_WARN_INFINITE_RECURSION = YES;
				CLANG_WARN_INT_CONVERSION = YES;
				CLANG_WARN_NON_LITERAL_NULL_CONVERSION = YES;
				CLANG_WARN_OBJC_IMPLICIT_RETAIN_SELF = YES;
				CLANG_WARN_OBJC_LITERAL_CONVERSION = YES;
				CLANG_WARN_OBJC_ROOT_CLASS = YES_ERROR;
				CLANG_WARN_RANGE_LOOP_ANALYSIS = YES;
				CLANG_WARN_STRICT_PROTOTYPES = YES;
				CLANG_WARN_SUSPICIOUS_MOVE = YES;
				CLANG_WARN_UNGUARDED_AVAILABILITY = YES_AGGRESSIVE;
				CLANG_WARN_UNREACHABLE_CODE = YES;
				CLANG_WARN__DUPLICATE_METHOD_MATCH = YES;
				COPY_PHASE_STRIP = NO;
				DEBUG_INFORMATION_FORMAT = "dwarf-with-dsym";
				ENABLE_NS_ASSERTIONS = NO;
				ENABLE_STRICT_OBJC_MSGSEND = YES;
				GCC_C_LANGUAGE_STANDARD = gnu11;
				GCC_NO_COMMON_BLOCKS = YES;
				GCC_WARN_64_TO_32_BIT_CONVERSION = YES;
				GCC_WARN_ABOUT_RETURN_TYPE = YES_ERROR;
				GCC_WARN_UNDECLARED_SELECTOR = YES;
				GCC_WARN_UNINITIALIZED_AUTOS = YES_AGGRESSIVE;
				GCC_WARN_UNUSED_FUNCTION = YES;
				GCC_WARN_UNUSED_VARIABLE = YES;
				IPHONEOS_DEPLOYMENT_TARGET = 13.2;
				MTL_ENABLE_DEBUG_INFO = NO;
				MTL_FAST_MATH = YES;
				SDKROOT = iphoneos;
				SWIFT_COMPILATION_MODE = wholemodule;
				SWIFT_OPTIMIZATION_LEVEL = "-O";
				VALIDATE_PRODUCT = YES;
			};
			name = Release;
		};
		2C9B36C6242692A200B4FC08 /* Debug */ = {
			isa = XCBuildConfiguration;
			buildSettings = {
				ASSETCATALOG_COMPILER_APPICON_NAME = AppIcon;
				CODE_SIGN_STYLE = Automatic;
				DEVELOPMENT_TEAM = XF4B7JNZTU;
				INFOPLIST_FILE = MovieList/Info.plist;
				LD_RUNPATH_SEARCH_PATHS = (
					"$(inherited)",
					"@executable_path/Frameworks",
				);
				MARKETING_VERSION = 1.0;
				PRODUCT_BUNDLE_IDENTIFIER = com.lfap.MovieList;
				PRODUCT_NAME = "$(TARGET_NAME)";
				SWIFT_VERSION = 5.0;
				TARGETED_DEVICE_FAMILY = "1,2";
			};
			name = Debug;
		};
		2C9B36C7242692A200B4FC08 /* Release */ = {
			isa = XCBuildConfiguration;
			buildSettings = {
				ASSETCATALOG_COMPILER_APPICON_NAME = AppIcon;
				CODE_SIGN_STYLE = Automatic;
				DEVELOPMENT_TEAM = XF4B7JNZTU;
				INFOPLIST_FILE = MovieList/Info.plist;
				LD_RUNPATH_SEARCH_PATHS = (
					"$(inherited)",
					"@executable_path/Frameworks",
				);
				MARKETING_VERSION = 1.0;
				PRODUCT_BUNDLE_IDENTIFIER = com.lfap.MovieList;
				PRODUCT_NAME = "$(TARGET_NAME)";
				SWIFT_VERSION = 5.0;
				TARGETED_DEVICE_FAMILY = "1,2";
			};
			name = Release;
		};
/* End XCBuildConfiguration section */

/* Begin XCConfigurationList section */
		2C9B36AC242692A100B4FC08 /* Build configuration list for PBXProject "MovieList" */ = {
			isa = XCConfigurationList;
			buildConfigurations = (
				2C9B36C3242692A200B4FC08 /* Debug */,
				2C9B36C4242692A200B4FC08 /* Release */,
			);
			defaultConfigurationIsVisible = 0;
			defaultConfigurationName = Release;
		};
		2C9B36C5242692A200B4FC08 /* Build configuration list for PBXNativeTarget "MovieList" */ = {
			isa = XCConfigurationList;
			buildConfigurations = (
				2C9B36C6242692A200B4FC08 /* Debug */,
				2C9B36C7242692A200B4FC08 /* Release */,
			);
			defaultConfigurationIsVisible = 0;
			defaultConfigurationName = Release;
		};
/* End XCConfigurationList section */
	};
	rootObject = 2C9B36A9242692A100B4FC08 /* Project object */;
}
